// !$*UTF8*$!
{
	archiveVersion = 1;
	classes = {
	};
	objectVersion = 50;
	objects = {

/* Begin PBXBuildFile section */
		483DD716248B9B4F006C4058 /* AppDelegate.swift in Sources */ = {isa = PBXBuildFile; fileRef = 483DD715248B9B4F006C4058 /* AppDelegate.swift */; };
		483DD71D248B9B4F006C4058 /* Main.storyboard in Resources */ = {isa = PBXBuildFile; fileRef = 483DD71B248B9B4F006C4058 /* Main.storyboard */; };
		483DD71F248B9B50006C4058 /* Assets.xcassets in Resources */ = {isa = PBXBuildFile; fileRef = 483DD71E248B9B50006C4058 /* Assets.xcassets */; };
		483DD722248B9B50006C4058 /* LaunchScreen.storyboard in Resources */ = {isa = PBXBuildFile; fileRef = 483DD720248B9B50006C4058 /* LaunchScreen.storyboard */; };
		483DD72D248B9B51006C4058 /* GoMoviesTests.swift in Sources */ = {isa = PBXBuildFile; fileRef = 483DD72C248B9B51006C4058 /* GoMoviesTests.swift */; };
		483DD73B248BBA56006C4058 /* MovieListViewController.swift in Sources */ = {isa = PBXBuildFile; fileRef = 483DD739248BBA56006C4058 /* MovieListViewController.swift */; };
		483DD73C248BBA56006C4058 /* MovieListViewController.xib in Resources */ = {isa = PBXBuildFile; fileRef = 483DD73A248BBA56006C4058 /* MovieListViewController.xib */; };
		483DD73F248BBE96006C4058 /* MovieTableViewCell.swift in Sources */ = {isa = PBXBuildFile; fileRef = 483DD73D248BBE96006C4058 /* MovieTableViewCell.swift */; };
		483DD740248BBE96006C4058 /* MovieTableViewCell.xib in Resources */ = {isa = PBXBuildFile; fileRef = 483DD73E248BBE96006C4058 /* MovieTableViewCell.xib */; };
/* End PBXBuildFile section */

/* Begin PBXContainerItemProxy section */
		483DD729248B9B51006C4058 /* PBXContainerItemProxy */ = {
			isa = PBXContainerItemProxy;
			containerPortal = 483DD70A248B9B4F006C4058 /* Project object */;
			proxyType = 1;
			remoteGlobalIDString = 483DD711248B9B4F006C4058;
			remoteInfo = GoMovies;
		};
/* End PBXContainerItemProxy section */

/* Begin PBXFileReference section */
		483DD712248B9B4F006C4058 /* GoMovies.app */ = {isa = PBXFileReference; explicitFileType = wrapper.application; includeInIndex = 0; path = GoMovies.app; sourceTree = BUILT_PRODUCTS_DIR; };
		483DD715248B9B4F006C4058 /* AppDelegate.swift */ = {isa = PBXFileReference; lastKnownFileType = sourcecode.swift; path = AppDelegate.swift; sourceTree = "<group>"; };
		483DD71C248B9B4F006C4058 /* Base */ = {isa = PBXFileReference; lastKnownFileType = file.storyboard; name = Base; path = Base.lproj/Main.storyboard; sourceTree = "<group>"; };
		483DD71E248B9B50006C4058 /* Assets.xcassets */ = {isa = PBXFileReference; lastKnownFileType = folder.assetcatalog; path = Assets.xcassets; sourceTree = "<group>"; };
		483DD721248B9B50006C4058 /* Base */ = {isa = PBXFileReference; lastKnownFileType = file.storyboard; name = Base; path = Base.lproj/LaunchScreen.storyboard; sourceTree = "<group>"; };
		483DD723248B9B50006C4058 /* Info.plist */ = {isa = PBXFileReference; lastKnownFileType = text.plist.xml; path = Info.plist; sourceTree = "<group>"; };
		483DD728248B9B51006C4058 /* GoMoviesTests.xctest */ = {isa = PBXFileReference; explicitFileType = wrapper.cfbundle; includeInIndex = 0; path = GoMoviesTests.xctest; sourceTree = BUILT_PRODUCTS_DIR; };
		483DD72C248B9B51006C4058 /* GoMoviesTests.swift */ = {isa = PBXFileReference; lastKnownFileType = sourcecode.swift; path = GoMoviesTests.swift; sourceTree = "<group>"; };
		483DD72E248B9B51006C4058 /* Info.plist */ = {isa = PBXFileReference; lastKnownFileType = text.plist.xml; path = Info.plist; sourceTree = "<group>"; };
		483DD737248B9F25006C4058 /* README.md */ = {isa = PBXFileReference; lastKnownFileType = net.daringfireball.markdown; path = README.md; sourceTree = "<group>"; };
		483DD739248BBA56006C4058 /* MovieListViewController.swift */ = {isa = PBXFileReference; lastKnownFileType = sourcecode.swift; path = MovieListViewController.swift; sourceTree = "<group>"; };
		483DD73A248BBA56006C4058 /* MovieListViewController.xib */ = {isa = PBXFileReference; lastKnownFileType = file.xib; path = MovieListViewController.xib; sourceTree = "<group>"; };
		483DD73D248BBE96006C4058 /* MovieTableViewCell.swift */ = {isa = PBXFileReference; lastKnownFileType = sourcecode.swift; path = MovieTableViewCell.swift; sourceTree = "<group>"; };
		483DD73E248BBE96006C4058 /* MovieTableViewCell.xib */ = {isa = PBXFileReference; lastKnownFileType = file.xib; path = MovieTableViewCell.xib; sourceTree = "<group>"; };
/* End PBXFileReference section */

/* Begin PBXFrameworksBuildPhase section */
		483DD70F248B9B4F006C4058 /* Frameworks */ = {
			isa = PBXFrameworksBuildPhase;
			buildActionMask = 2147483647;
			files = (
			);
			runOnlyForDeploymentPostprocessing = 0;
		};
		483DD725248B9B51006C4058 /* Frameworks */ = {
			isa = PBXFrameworksBuildPhase;
			buildActionMask = 2147483647;
			files = (
			);
			runOnlyForDeploymentPostprocessing = 0;
		};
/* End PBXFrameworksBuildPhase section */

/* Begin PBXGroup section */
		483DD709248B9B4F006C4058 = {
			isa = PBXGroup;
			children = (
				483DD714248B9B4F006C4058 /* GoMovies */,
				483DD72B248B9B51006C4058 /* GoMoviesTests */,
				483DD713248B9B4F006C4058 /* Products */,
				483DD737248B9F25006C4058 /* README.md */,
			);
			sourceTree = "<group>";
		};
		483DD713248B9B4F006C4058 /* Products */ = {
			isa = PBXGroup;
			children = (
				483DD712248B9B4F006C4058 /* GoMovies.app */,
				483DD728248B9B51006C4058 /* GoMoviesTests.xctest */,
			);
			name = Products;
			sourceTree = "<group>";
		};
		483DD714248B9B4F006C4058 /* GoMovies */ = {
			isa = PBXGroup;
			children = (
				483DD738248BB9BD006C4058 /* MovieList */,
				483DD715248B9B4F006C4058 /* AppDelegate.swift */,
				483DD71B248B9B4F006C4058 /* Main.storyboard */,
				483DD71E248B9B50006C4058 /* Assets.xcassets */,
				483DD720248B9B50006C4058 /* LaunchScreen.storyboard */,
				483DD723248B9B50006C4058 /* Info.plist */,
			);
			path = GoMovies;
			sourceTree = "<group>";
		};
		483DD72B248B9B51006C4058 /* GoMoviesTests */ = {
			isa = PBXGroup;
			children = (
				483DD72C248B9B51006C4058 /* GoMoviesTests.swift */,
				483DD72E248B9B51006C4058 /* Info.plist */,
			);
			path = GoMoviesTests;
			sourceTree = "<group>";
		};
		483DD738248BB9BD006C4058 /* MovieList */ = {
			isa = PBXGroup;
			children = (
				483DD741248BBE9D006C4058 /* TableViewCells */,
				483DD739248BBA56006C4058 /* MovieListViewController.swift */,
				483DD73A248BBA56006C4058 /* MovieListViewController.xib */,
			);
			path = MovieList;
			sourceTree = "<group>";
		};
		483DD741248BBE9D006C4058 /* TableViewCells */ = {
			isa = PBXGroup;
			children = (
				483DD73D248BBE96006C4058 /* MovieTableViewCell.swift */,
				483DD73E248BBE96006C4058 /* MovieTableViewCell.xib */,
			);
			path = TableViewCells;
			sourceTree = "<group>";
		};
/* End PBXGroup section */

/* Begin PBXNativeTarget section */
		483DD711248B9B4F006C4058 /* GoMovies */ = {
			isa = PBXNativeTarget;
			buildConfigurationList = 483DD731248B9B51006C4058 /* Build configuration list for PBXNativeTarget "GoMovies" */;
			buildPhases = (
				483DD70E248B9B4F006C4058 /* Sources */,
				483DD70F248B9B4F006C4058 /* Frameworks */,
				483DD710248B9B4F006C4058 /* Resources */,
			);
			buildRules = (
			);
			dependencies = (
			);
			name = GoMovies;
			productName = GoMovies;
			productReference = 483DD712248B9B4F006C4058 /* GoMovies.app */;
			productType = "com.apple.product-type.application";
		};
		483DD727248B9B51006C4058 /* GoMoviesTests */ = {
			isa = PBXNativeTarget;
			buildConfigurationList = 483DD734248B9B51006C4058 /* Build configuration list for PBXNativeTarget "GoMoviesTests" */;
			buildPhases = (
				483DD724248B9B51006C4058 /* Sources */,
				483DD725248B9B51006C4058 /* Frameworks */,
				483DD726248B9B51006C4058 /* Resources */,
			);
			buildRules = (
			);
			dependencies = (
				483DD72A248B9B51006C4058 /* PBXTargetDependency */,
			);
			name = GoMoviesTests;
			productName = GoMoviesTests;
			productReference = 483DD728248B9B51006C4058 /* GoMoviesTests.xctest */;
			productType = "com.apple.product-type.bundle.unit-test";
		};
/* End PBXNativeTarget section */

/* Begin PBXProject section */
		483DD70A248B9B4F006C4058 /* Project object */ = {
			isa = PBXProject;
			attributes = {
				LastSwiftUpdateCheck = 1150;
				LastUpgradeCheck = 1150;
				ORGANIZATIONNAME = "Anshul Vyas";
				TargetAttributes = {
					483DD711248B9B4F006C4058 = {
						CreatedOnToolsVersion = 11.5;
					};
					483DD727248B9B51006C4058 = {
						CreatedOnToolsVersion = 11.5;
						TestTargetID = 483DD711248B9B4F006C4058;
					};
				};
			};
			buildConfigurationList = 483DD70D248B9B4F006C4058 /* Build configuration list for PBXProject "GoMovies" */;
			compatibilityVersion = "Xcode 9.3";
			developmentRegion = en;
			hasScannedForEncodings = 0;
			knownRegions = (
				en,
				Base,
			);
			mainGroup = 483DD709248B9B4F006C4058;
			productRefGroup = 483DD713248B9B4F006C4058 /* Products */;
			projectDirPath = "";
			projectRoot = "";
			targets = (
				483DD711248B9B4F006C4058 /* GoMovies */,
				483DD727248B9B51006C4058 /* GoMoviesTests */,
			);
		};
/* End PBXProject section */

/* Begin PBXResourcesBuildPhase section */
		483DD710248B9B4F006C4058 /* Resources */ = {
			isa = PBXResourcesBuildPhase;
			buildActionMask = 2147483647;
			files = (
				483DD722248B9B50006C4058 /* LaunchScreen.storyboard in Resources */,
				483DD740248BBE96006C4058 /* MovieTableViewCell.xib in Resources */,
				483DD71F248B9B50006C4058 /* Assets.xcassets in Resources */,
				483DD71D248B9B4F006C4058 /* Main.storyboard in Resources */,
				483DD73C248BBA56006C4058 /* MovieListViewController.xib in Resources */,
			);
			runOnlyForDeploymentPostprocessing = 0;
		};
		483DD726248B9B51006C4058 /* Resources */ = {
			isa = PBXResourcesBuildPhase;
			buildActionMask = 2147483647;
			files = (
			);
			runOnlyForDeploymentPostprocessing = 0;
		};
/* End PBXResourcesBuildPhase section */

/* Begin PBXSourcesBuildPhase section */
		483DD70E248B9B4F006C4058 /* Sources */ = {
			isa = PBXSourcesBuildPhase;
			buildActionMask = 2147483647;
			files = (
				483DD716248B9B4F006C4058 /* AppDelegate.swift in Sources */,
				483DD73B248BBA56006C4058 /* MovieListViewController.swift in Sources */,
				483DD73F248BBE96006C4058 /* MovieTableViewCell.swift in Sources */,
			);
			runOnlyForDeploymentPostprocessing = 0;
		};
		483DD724248B9B51006C4058 /* Sources */ = {
			isa = PBXSourcesBuildPhase;
			buildActionMask = 2147483647;
			files = (
				483DD72D248B9B51006C4058 /* GoMoviesTests.swift in Sources */,
			);
			runOnlyForDeploymentPostprocessing = 0;
		};
/* End PBXSourcesBuildPhase section */

/* Begin PBXTargetDependency section */
		483DD72A248B9B51006C4058 /* PBXTargetDependency */ = {
			isa = PBXTargetDependency;
			target = 483DD711248B9B4F006C4058 /* GoMovies */;
			targetProxy = 483DD729248B9B51006C4058 /* PBXContainerItemProxy */;
		};
/* End PBXTargetDependency section */

/* Begin PBXVariantGroup section */
		483DD71B248B9B4F006C4058 /* Main.storyboard */ = {
			isa = PBXVariantGroup;
			children = (
				483DD71C248B9B4F006C4058 /* Base */,
			);
			name = Main.storyboard;
			sourceTree = "<group>";
		};
		483DD720248B9B50006C4058 /* LaunchScreen.storyboard */ = {
			isa = PBXVariantGroup;
			children = (
				483DD721248B9B50006C4058 /* Base */,
			);
			name = LaunchScreen.storyboard;
			sourceTree = "<group>";
		};
/* End PBXVariantGroup section */

/* Begin XCBuildConfiguration section */
		483DD72F248B9B51006C4058 /* Debug */ = {
			isa = XCBuildConfiguration;
			buildSettings = {
				ALWAYS_SEARCH_USER_PATHS = NO;
				CLANG_ANALYZER_NONNULL = YES;
				CLANG_ANALYZER_NUMBER_OBJECT_CONVERSION = YES_AGGRESSIVE;
				CLANG_CXX_LANGUAGE_STANDARD = "gnu++14";
				CLANG_CXX_LIBRARY = "libc++";
				CLANG_ENABLE_MODULES = YES;
				CLANG_ENABLE_OBJC_ARC = YES;
				CLANG_ENABLE_OBJC_WEAK = YES;
				CLANG_WARN_BLOCK_CAPTURE_AUTORELEASING = YES;
				CLANG_WARN_BOOL_CONVERSION = YES;
				CLANG_WARN_COMMA = YES;
				CLANG_WARN_CONSTANT_CONVERSION = YES;
				CLANG_WARN_DEPRECATED_OBJC_IMPLEMENTATIONS = YES;
				CLANG_WARN_DIRECT_OBJC_ISA_USAGE = YES_ERROR;
				CLANG_WARN_DOCUMENTATION_COMMENTS = YES;
				CLANG_WARN_EMPTY_BODY = YES;
				CLANG_WARN_ENUM_CONVERSION = YES;
				CLANG_WARN_INFINITE_RECURSION = YES;
				CLANG_WARN_INT_CONVERSION = YES;
				CLANG_WARN_NON_LITERAL_NULL_CONVERSION = YES;
				CLANG_WARN_OBJC_IMPLICIT_RETAIN_SELF = YES;
				CLANG_WARN_OBJC_LITERAL_CONVERSION = YES;
				CLANG_WARN_OBJC_ROOT_CLASS = YES_ERROR;
				CLANG_WARN_RANGE_LOOP_ANALYSIS = YES;
				CLANG_WARN_STRICT_PROTOTYPES = YES;
				CLANG_WARN_SUSPICIOUS_MOVE = YES;
				CLANG_WARN_UNGUARDED_AVAILABILITY = YES_AGGRESSIVE;
				CLANG_WARN_UNREACHABLE_CODE = YES;
				CLANG_WARN__DUPLICATE_METHOD_MATCH = YES;
				COPY_PHASE_STRIP = NO;
				DEBUG_INFORMATION_FORMAT = dwarf;
				ENABLE_STRICT_OBJC_MSGSEND = YES;
				ENABLE_TESTABILITY = YES;
				GCC_C_LANGUAGE_STANDARD = gnu11;
				GCC_DYNAMIC_NO_PIC = NO;
				GCC_NO_COMMON_BLOCKS = YES;
				GCC_OPTIMIZATION_LEVEL = 0;
				GCC_PREPROCESSOR_DEFINITIONS = (
					"DEBUG=1",
					"$(inherited)",
				);
				GCC_WARN_64_TO_32_BIT_CONVERSION = YES;
				GCC_WARN_ABOUT_RETURN_TYPE = YES_ERROR;
				GCC_WARN_UNDECLARED_SELECTOR = YES;
				GCC_WARN_UNINITIALIZED_AUTOS = YES_AGGRESSIVE;
				GCC_WARN_UNUSED_FUNCTION = YES;
				GCC_WARN_UNUSED_VARIABLE = YES;
				IPHONEOS_DEPLOYMENT_TARGET = 13.5;
				MTL_ENABLE_DEBUG_INFO = INCLUDE_SOURCE;
				MTL_FAST_MATH = YES;
				ONLY_ACTIVE_ARCH = YES;
				SDKROOT = iphoneos;
				SWIFT_ACTIVE_COMPILATION_CONDITIONS = DEBUG;
				SWIFT_OPTIMIZATION_LEVEL = "-Onone";
			};
			name = Debug;
		};
		483DD730248B9B51006C4058 /* Release */ = {
			isa = XCBuildConfiguration;
			buildSettings = {
				ALWAYS_SEARCH_USER_PATHS = NO;
				CLANG_ANALYZER_NONNULL = YES;
				CLANG_ANALYZER_NUMBER_OBJECT_CONVERSION = YES_AGGRESSIVE;
				CLANG_CXX_LANGUAGE_STANDARD = "gnu++14";
				CLANG_CXX_LIBRARY = "libc++";
				CLANG_ENABLE_MODULES = YES;
				CLANG_ENABLE_OBJC_ARC = YES;
				CLANG_ENABLE_OBJC_WEAK = YES;
				CLANG_WARN_BLOCK_CAPTURE_AUTORELEASING = YES;
				CLANG_WARN_BOOL_CONVERSION = YES;
				CLANG_WARN_COMMA = YES;
				CLANG_WARN_CONSTANT_CONVERSION = YES;
				CLANG_WARN_DEPRECATED_OBJC_IMPLEMENTATIONS = YES;
				CLANG_WARN_DIRECT_OBJC_ISA_USAGE = YES_ERROR;
				CLANG_WARN_DOCUMENTATION_COMMENTS = YES;
				CLANG_WARN_EMPTY_BODY = YES;
				CLANG_WARN_ENUM_CONVERSION = YES;
				CLANG_WARN_INFINITE_RECURSION = YES;
				CLANG_WARN_INT_CONVERSION = YES;
				CLANG_WARN_NON_LITERAL_NULL_CONVERSION = YES;
				CLANG_WARN_OBJC_IMPLICIT_RETAIN_SELF = YES;
				CLANG_WARN_OBJC_LITERAL_CONVERSION = YES;
				CLANG_WARN_OBJC_ROOT_CLASS = YES_ERROR;
				CLANG_WARN_RANGE_LOOP_ANALYSIS = YES;
				CLANG_WARN_STRICT_PROTOTYPES = YES;
				CLANG_WARN_SUSPICIOUS_MOVE = YES;
				CLANG_WARN_UNGUARDED_AVAILABILITY = YES_AGGRESSIVE;
				CLANG_WARN_UNREACHABLE_CODE = YES;
				CLANG_WARN__DUPLICATE_METHOD_MATCH = YES;
				COPY_PHASE_STRIP = NO;
				DEBUG_INFORMATION_FORMAT = "dwarf-with-dsym";
				ENABLE_NS_ASSERTIONS = NO;
				ENABLE_STRICT_OBJC_MSGSEND = YES;
				GCC_C_LANGUAGE_STANDARD = gnu11;
				GCC_NO_COMMON_BLOCKS = YES;
				GCC_WARN_64_TO_32_BIT_CONVERSION = YES;
				GCC_WARN_ABOUT_RETURN_TYPE = YES_ERROR;
				GCC_WARN_UNDECLARED_SELECTOR = YES;
				GCC_WARN_UNINITIALIZED_AUTOS = YES_AGGRESSIVE;
				GCC_WARN_UNUSED_FUNCTION = YES;
				GCC_WARN_UNUSED_VARIABLE = YES;
				IPHONEOS_DEPLOYMENT_TARGET = 13.5;
				MTL_ENABLE_DEBUG_INFO = NO;
				MTL_FAST_MATH = YES;
				SDKROOT = iphoneos;
				SWIFT_COMPILATION_MODE = wholemodule;
				SWIFT_OPTIMIZATION_LEVEL = "-O";
				VALIDATE_PRODUCT = YES;
			};
			name = Release;
		};
		483DD732248B9B51006C4058 /* Debug */ = {
			isa = XCBuildConfiguration;
			buildSettings = {
				ASSETCATALOG_COMPILER_APPICON_NAME = AppIcon;
				CODE_SIGN_STYLE = Automatic;
				DEVELOPMENT_TEAM = F47V45YY86;
				INFOPLIST_FILE = GoMovies/Info.plist;
				IPHONEOS_DEPLOYMENT_TARGET = 11.0;
				LD_RUNPATH_SEARCH_PATHS = (
					"$(inherited)",
					"@executable_path/Frameworks",
				);
				PRODUCT_BUNDLE_IDENTIFIER = com.anshul.GoMovies;
				PRODUCT_NAME = "$(TARGET_NAME)";
				SWIFT_VERSION = 5.0;
				TARGETED_DEVICE_FAMILY = 1;
			};
			name = Debug;
		};
		483DD733248B9B51006C4058 /* Release */ = {
			isa = XCBuildConfiguration;
			buildSettings = {
				ASSETCATALOG_COMPILER_APPICON_NAME = AppIcon;
				CODE_SIGN_STYLE = Automatic;
				DEVELOPMENT_TEAM = F47V45YY86;
				INFOPLIST_FILE = GoMovies/Info.plist;
				IPHONEOS_DEPLOYMENT_TARGET = 11.0;
				LD_RUNPATH_SEARCH_PATHS = (
					"$(inherited)",
					"@executable_path/Frameworks",
				);
				PRODUCT_BUNDLE_IDENTIFIER = com.anshul.GoMovies;
				PRODUCT_NAME = "$(TARGET_NAME)";
				SWIFT_VERSION = 5.0;
				TARGETED_DEVICE_FAMILY = 1;
			};
			name = Release;
		};
		483DD735248B9B51006C4058 /* Debug */ = {
			isa = XCBuildConfiguration;
			buildSettings = {
				ALWAYS_EMBED_SWIFT_STANDARD_LIBRARIES = YES;
				BUNDLE_LOADER = "$(TEST_HOST)";
				CODE_SIGN_STYLE = Automatic;
				DEVELOPMENT_TEAM = F47V45YY86;
				INFOPLIST_FILE = GoMoviesTests/Info.plist;
				IPHONEOS_DEPLOYMENT_TARGET = 13.5;
				LD_RUNPATH_SEARCH_PATHS = (
					"$(inherited)",
					"@executable_path/Frameworks",
					"@loader_path/Frameworks",
				);
				PRODUCT_BUNDLE_IDENTIFIER = com.anshul.GoMoviesTests;
				PRODUCT_NAME = "$(TARGET_NAME)";
				SWIFT_VERSION = 5.0;
				TARGETED_DEVICE_FAMILY = "1,2";
				TEST_HOST = "$(BUILT_PRODUCTS_DIR)/GoMovies.app/GoMovies";
			};
			name = Debug;
		};
		483DD736248B9B51006C4058 /* Release */ = {
			isa = XCBuildConfiguration;
			buildSettings = {
				ALWAYS_EMBED_SWIFT_STANDARD_LIBRARIES = YES;
				BUNDLE_LOADER = "$(TEST_HOST)";
				CODE_SIGN_STYLE = Automatic;
				DEVELOPMENT_TEAM = F47V45YY86;
				INFOPLIST_FILE = GoMoviesTests/Info.plist;
				IPHONEOS_DEPLOYMENT_TARGET = 13.5;
				LD_RUNPATH_SEARCH_PATHS = (
					"$(inherited)",
					"@executable_path/Frameworks",
					"@loader_path/Frameworks",
				);
				PRODUCT_BUNDLE_IDENTIFIER = com.anshul.GoMoviesTests;
				PRODUCT_NAME = "$(TARGET_NAME)";
				SWIFT_VERSION = 5.0;
				TARGETED_DEVICE_FAMILY = "1,2";
				TEST_HOST = "$(BUILT_PRODUCTS_DIR)/GoMovies.app/GoMovies";
			};
			name = Release;
		};
/* End XCBuildConfiguration section */

/* Begin XCConfigurationList section */
		483DD70D248B9B4F006C4058 /* Build configuration list for PBXProject "GoMovies" */ = {
			isa = XCConfigurationList;
			buildConfigurations = (
				483DD72F248B9B51006C4058 /* Debug */,
				483DD730248B9B51006C4058 /* Release */,
			);
			defaultConfigurationIsVisible = 0;
			defaultConfigurationName = Release;
		};
		483DD731248B9B51006C4058 /* Build configuration list for PBXNativeTarget "GoMovies" */ = {
			isa = XCConfigurationList;
			buildConfigurations = (
				483DD732248B9B51006C4058 /* Debug */,
				483DD733248B9B51006C4058 /* Release */,
			);
			defaultConfigurationIsVisible = 0;
			defaultConfigurationName = Release;
		};
		483DD734248B9B51006C4058 /* Build configuration list for PBXNativeTarget "GoMoviesTests" */ = {
			isa = XCConfigurationList;
			buildConfigurations = (
				483DD735248B9B51006C4058 /* Debug */,
				483DD736248B9B51006C4058 /* Release */,
			);
			defaultConfigurationIsVisible = 0;
			defaultConfigurationName = Release;
		};
/* End XCConfigurationList section */
	};
	rootObject = 483DD70A248B9B4F006C4058 /* Project object */;
}
